// !$*UTF8*$!
{
	archiveVersion = 1;
	classes = {
	};
	objectVersion = 46;
	objects = {

/* Begin PBXBuildFile section */
		68D331271CDC591D00B0910D /* AppDelegate.swift in Sources */ = {isa = PBXBuildFile; fileRef = 68D331261CDC591D00B0910D /* AppDelegate.swift */; };
		68D331291CDC591D00B0910D /* ViewController.swift in Sources */ = {isa = PBXBuildFile; fileRef = 68D331281CDC591D00B0910D /* ViewController.swift */; };
		68D3312C1CDC591D00B0910D /* Main.storyboard in Resources */ = {isa = PBXBuildFile; fileRef = 68D3312A1CDC591D00B0910D /* Main.storyboard */; };
		68D3312E1CDC591D00B0910D /* Assets.xcassets in Resources */ = {isa = PBXBuildFile; fileRef = 68D3312D1CDC591D00B0910D /* Assets.xcassets */; };
		68D331311CDC591D00B0910D /* LaunchScreen.storyboard in Resources */ = {isa = PBXBuildFile; fileRef = 68D3312F1CDC591D00B0910D /* LaunchScreen.storyboard */; };
		68D3313C1CDC591E00B0910D /* GetFruitProjectTests.swift in Sources */ = {isa = PBXBuildFile; fileRef = 68D3313B1CDC591E00B0910D /* GetFruitProjectTests.swift */; };
		68D331471CDC591E00B0910D /* GetFruitProjectUITests.swift in Sources */ = {isa = PBXBuildFile; fileRef = 68D331461CDC591E00B0910D /* GetFruitProjectUITests.swift */; };
/* End PBXBuildFile section */

/* Begin PBXContainerItemProxy section */
		68D331381CDC591E00B0910D /* PBXContainerItemProxy */ = {
			isa = PBXContainerItemProxy;
			containerPortal = 68D3311B1CDC591D00B0910D /* Project object */;
			proxyType = 1;
			remoteGlobalIDString = 68D331221CDC591D00B0910D;
			remoteInfo = GetFruitProject;
		};
		68D331431CDC591E00B0910D /* PBXContainerItemProxy */ = {
			isa = PBXContainerItemProxy;
			containerPortal = 68D3311B1CDC591D00B0910D /* Project object */;
			proxyType = 1;
			remoteGlobalIDString = 68D331221CDC591D00B0910D;
			remoteInfo = GetFruitProject;
		};
/* End PBXContainerItemProxy section */

/* Begin PBXFileReference section */
		68D331231CDC591D00B0910D /* GetFruitProject.app */ = {isa = PBXFileReference; explicitFileType = wrapper.application; includeInIndex = 0; path = GetFruitProject.app; sourceTree = BUILT_PRODUCTS_DIR; };
		68D331261CDC591D00B0910D /* AppDelegate.swift */ = {isa = PBXFileReference; lastKnownFileType = sourcecode.swift; path = AppDelegate.swift; sourceTree = "<group>"; };
		68D331281CDC591D00B0910D /* ViewController.swift */ = {isa = PBXFileReference; lastKnownFileType = sourcecode.swift; path = ViewController.swift; sourceTree = "<group>"; };
		68D3312B1CDC591D00B0910D /* Base */ = {isa = PBXFileReference; lastKnownFileType = file.storyboard; name = Base; path = Base.lproj/Main.storyboard; sourceTree = "<group>"; };
		68D3312D1CDC591D00B0910D /* Assets.xcassets */ = {isa = PBXFileReference; lastKnownFileType = folder.assetcatalog; path = Assets.xcassets; sourceTree = "<group>"; };
		68D331301CDC591D00B0910D /* Base */ = {isa = PBXFileReference; lastKnownFileType = file.storyboard; name = Base; path = Base.lproj/LaunchScreen.storyboard; sourceTree = "<group>"; };
		68D331321CDC591D00B0910D /* Info.plist */ = {isa = PBXFileReference; lastKnownFileType = text.plist.xml; path = Info.plist; sourceTree = "<group>"; };
		68D331371CDC591E00B0910D /* GetFruitProjectTests.xctest */ = {isa = PBXFileReference; explicitFileType = wrapper.cfbundle; includeInIndex = 0; path = GetFruitProjectTests.xctest; sourceTree = BUILT_PRODUCTS_DIR; };
		68D3313B1CDC591E00B0910D /* GetFruitProjectTests.swift */ = {isa = PBXFileReference; lastKnownFileType = sourcecode.swift; path = GetFruitProjectTests.swift; sourceTree = "<group>"; };
		68D3313D1CDC591E00B0910D /* Info.plist */ = {isa = PBXFileReference; lastKnownFileType = text.plist.xml; path = Info.plist; sourceTree = "<group>"; };
		68D331421CDC591E00B0910D /* GetFruitProjectUITests.xctest */ = {isa = PBXFileReference; explicitFileType = wrapper.cfbundle; includeInIndex = 0; path = GetFruitProjectUITests.xctest; sourceTree = BUILT_PRODUCTS_DIR; };
		68D331461CDC591E00B0910D /* GetFruitProjectUITests.swift */ = {isa = PBXFileReference; lastKnownFileType = sourcecode.swift; path = GetFruitProjectUITests.swift; sourceTree = "<group>"; };
		68D331481CDC591E00B0910D /* Info.plist */ = {isa = PBXFileReference; lastKnownFileType = text.plist.xml; path = Info.plist; sourceTree = "<group>"; };
/* End PBXFileReference section */

/* Begin PBXFrameworksBuildPhase section */
		68D331201CDC591D00B0910D /* Frameworks */ = {
			isa = PBXFrameworksBuildPhase;
			buildActionMask = 2147483647;
			files = (
			);
			runOnlyForDeploymentPostprocessing = 0;
		};
		68D331341CDC591E00B0910D /* Frameworks */ = {
			isa = PBXFrameworksBuildPhase;
			buildActionMask = 2147483647;
			files = (
			);
			runOnlyForDeploymentPostprocessing = 0;
		};
		68D3313F1CDC591E00B0910D /* Frameworks */ = {
			isa = PBXFrameworksBuildPhase;
			buildActionMask = 2147483647;
			files = (
			);
			runOnlyForDeploymentPostprocessing = 0;
		};
/* End PBXFrameworksBuildPhase section */

/* Begin PBXGroup section */
		68D3311A1CDC591D00B0910D = {
			isa = PBXGroup;
			children = (
				68D331251CDC591D00B0910D /* GetFruitProject */,
				68D3313A1CDC591E00B0910D /* GetFruitProjectTests */,
				68D331451CDC591E00B0910D /* GetFruitProjectUITests */,
				68D331241CDC591D00B0910D /* Products */,
			);
			sourceTree = "<group>";
		};
		68D331241CDC591D00B0910D /* Products */ = {
			isa = PBXGroup;
			children = (
				68D331231CDC591D00B0910D /* GetFruitProject.app */,
				68D331371CDC591E00B0910D /* GetFruitProjectTests.xctest */,
				68D331421CDC591E00B0910D /* GetFruitProjectUITests.xctest */,
			);
			name = Products;
			sourceTree = "<group>";
		};
		68D331251CDC591D00B0910D /* GetFruitProject */ = {
			isa = PBXGroup;
			children = (
				68D331261CDC591D00B0910D /* AppDelegate.swift */,
				68D331281CDC591D00B0910D /* ViewController.swift */,
				68D3312A1CDC591D00B0910D /* Main.storyboard */,
				68D3312D1CDC591D00B0910D /* Assets.xcassets */,
				68D3312F1CDC591D00B0910D /* LaunchScreen.storyboard */,
				68D331321CDC591D00B0910D /* Info.plist */,
			);
			path = GetFruitProject;
			sourceTree = "<group>";
		};
		68D3313A1CDC591E00B0910D /* GetFruitProjectTests */ = {
			isa = PBXGroup;
			children = (
				68D3313B1CDC591E00B0910D /* GetFruitProjectTests.swift */,
				68D3313D1CDC591E00B0910D /* Info.plist */,
			);
			path = GetFruitProjectTests;
			sourceTree = "<group>";
		};
		68D331451CDC591E00B0910D /* GetFruitProjectUITests */ = {
			isa = PBXGroup;
			children = (
				68D331461CDC591E00B0910D /* GetFruitProjectUITests.swift */,
				68D331481CDC591E00B0910D /* Info.plist */,
			);
			path = GetFruitProjectUITests;
			sourceTree = "<group>";
		};
/* End PBXGroup section */

/* Begin PBXNativeTarget section */
		68D331221CDC591D00B0910D /* GetFruitProject */ = {
			isa = PBXNativeTarget;
			buildConfigurationList = 68D3314B1CDC591E00B0910D /* Build configuration list for PBXNativeTarget "GetFruitProject" */;
			buildPhases = (
				68D3311F1CDC591D00B0910D /* Sources */,
				68D331201CDC591D00B0910D /* Frameworks */,
				68D331211CDC591D00B0910D /* Resources */,
			);
			buildRules = (
			);
			dependencies = (
			);
			name = GetFruitProject;
			productName = GetFruitProject;
			productReference = 68D331231CDC591D00B0910D /* GetFruitProject.app */;
			productType = "com.apple.product-type.application";
		};
		68D331361CDC591E00B0910D /* GetFruitProjectTests */ = {
			isa = PBXNativeTarget;
			buildConfigurationList = 68D3314E1CDC591E00B0910D /* Build configuration list for PBXNativeTarget "GetFruitProjectTests" */;
			buildPhases = (
				68D331331CDC591E00B0910D /* Sources */,
				68D331341CDC591E00B0910D /* Frameworks */,
				68D331351CDC591E00B0910D /* Resources */,
			);
			buildRules = (
			);
			dependencies = (
				68D331391CDC591E00B0910D /* PBXTargetDependency */,
			);
			name = GetFruitProjectTests;
			productName = GetFruitProjectTests;
			productReference = 68D331371CDC591E00B0910D /* GetFruitProjectTests.xctest */;
			productType = "com.apple.product-type.bundle.unit-test";
		};
		68D331411CDC591E00B0910D /* GetFruitProjectUITests */ = {
			isa = PBXNativeTarget;
			buildConfigurationList = 68D331511CDC591E00B0910D /* Build configuration list for PBXNativeTarget "GetFruitProjectUITests" */;
			buildPhases = (
				68D3313E1CDC591E00B0910D /* Sources */,
				68D3313F1CDC591E00B0910D /* Frameworks */,
				68D331401CDC591E00B0910D /* Resources */,
			);
			buildRules = (
			);
			dependencies = (
				68D331441CDC591E00B0910D /* PBXTargetDependency */,
			);
			name = GetFruitProjectUITests;
			productName = GetFruitProjectUITests;
			productReference = 68D331421CDC591E00B0910D /* GetFruitProjectUITests.xctest */;
			productType = "com.apple.product-type.bundle.ui-testing";
		};
/* End PBXNativeTarget section */

/* Begin PBXProject section */
		68D3311B1CDC591D00B0910D /* Project object */ = {
			isa = PBXProject;
			attributes = {
				LastSwiftUpdateCheck = 0730;
				LastUpgradeCheck = 0730;
				ORGANIZATIONNAME = lanhe;
				TargetAttributes = {
					68D331221CDC591D00B0910D = {
						CreatedOnToolsVersion = 7.3;
					};
					68D331361CDC591E00B0910D = {
						CreatedOnToolsVersion = 7.3;
						TestTargetID = 68D331221CDC591D00B0910D;
					};
					68D331411CDC591E00B0910D = {
						CreatedOnToolsVersion = 7.3;
						TestTargetID = 68D331221CDC591D00B0910D;
					};
				};
			};
			buildConfigurationList = 68D3311E1CDC591D00B0910D /* Build configuration list for PBXProject "GetFruitProject" */;
			compatibilityVersion = "Xcode 3.2";
			developmentRegion = English;
			hasScannedForEncodings = 0;
			knownRegions = (
				en,
				Base,
			);
			mainGroup = 68D3311A1CDC591D00B0910D;
			productRefGroup = 68D331241CDC591D00B0910D /* Products */;
			projectDirPath = "";
			projectRoot = "";
			targets = (
				68D331221CDC591D00B0910D /* GetFruitProject */,
				68D331361CDC591E00B0910D /* GetFruitProjectTests */,
				68D331411CDC591E00B0910D /* GetFruitProjectUITests */,
			);
		};
/* End PBXProject section */

/* Begin PBXResourcesBuildPhase section */
		68D331211CDC591D00B0910D /* Resources */ = {
			isa = PBXResourcesBuildPhase;
			buildActionMask = 2147483647;
			files = (
				68D331311CDC591D00B0910D /* LaunchScreen.storyboard in Resources */,
				68D3312E1CDC591D00B0910D /* Assets.xcassets in Resources */,
				68D3312C1CDC591D00B0910D /* Main.storyboard in Resources */,
			);
			runOnlyForDeploymentPostprocessing = 0;
		};
		68D331351CDC591E00B0910D /* Resources */ = {
			isa = PBXResourcesBuildPhase;
			buildActionMask = 2147483647;
			files = (
			);
			runOnlyForDeploymentPostprocessing = 0;
		};
		68D331401CDC591E00B0910D /* Resources */ = {
			isa = PBXResourcesBuildPhase;
			buildActionMask = 2147483647;
			files = (
			);
			runOnlyForDeploymentPostprocessing = 0;
		};
/* End PBXResourcesBuildPhase section */

/* Begin PBXSourcesBuildPhase section */
		68D3311F1CDC591D00B0910D /* Sources */ = {
			isa = PBXSourcesBuildPhase;
			buildActionMask = 2147483647;
			files = (
				68D331291CDC591D00B0910D /* ViewController.swift in Sources */,
				68D331271CDC591D00B0910D /* AppDelegate.swift in Sources */,
			);
			runOnlyForDeploymentPostprocessing = 0;
		};
		68D331331CDC591E00B0910D /* Sources */ = {
			isa = PBXSourcesBuildPhase;
			buildActionMask = 2147483647;
			files = (
				68D3313C1CDC591E00B0910D /* GetFruitProjectTests.swift in Sources */,
			);
			runOnlyForDeploymentPostprocessing = 0;
		};
		68D3313E1CDC591E00B0910D /* Sources */ = {
			isa = PBXSourcesBuildPhase;
			buildActionMask = 2147483647;
			files = (
				68D331471CDC591E00B0910D /* GetFruitProjectUITests.swift in Sources */,
			);
			runOnlyForDeploymentPostprocessing = 0;
		};
/* End PBXSourcesBuildPhase section */

/* Begin PBXTargetDependency section */
		68D331391CDC591E00B0910D /* PBXTargetDependency */ = {
			isa = PBXTargetDependency;
			target = 68D331221CDC591D00B0910D /* GetFruitProject */;
			targetProxy = 68D331381CDC591E00B0910D /* PBXContainerItemProxy */;
		};
		68D331441CDC591E00B0910D /* PBXTargetDependency */ = {
			isa = PBXTargetDependency;
			target = 68D331221CDC591D00B0910D /* GetFruitProject */;
			targetProxy = 68D331431CDC591E00B0910D /* PBXContainerItemProxy */;
		};
/* End PBXTargetDependency section */

/* Begin PBXVariantGroup section */
		68D3312A1CDC591D00B0910D /* Main.storyboard */ = {
			isa = PBXVariantGroup;
			children = (
				68D3312B1CDC591D00B0910D /* Base */,
			);
			name = Main.storyboard;
			sourceTree = "<group>";
		};
		68D3312F1CDC591D00B0910D /* LaunchScreen.storyboard */ = {
			isa = PBXVariantGroup;
			children = (
				68D331301CDC591D00B0910D /* Base */,
			);
			name = LaunchScreen.storyboard;
			sourceTree = "<group>";
		};
/* End PBXVariantGroup section */

/* Begin XCBuildConfiguration section */
		68D331491CDC591E00B0910D /* Debug */ = {
			isa = XCBuildConfiguration;
			buildSettings = {
				ALWAYS_SEARCH_USER_PATHS = NO;
				CLANG_ANALYZER_NONNULL = YES;
				CLANG_CXX_LANGUAGE_STANDARD = "gnu++0x";
				CLANG_CXX_LIBRARY = "libc++";
				CLANG_ENABLE_MODULES = YES;
				CLANG_ENABLE_OBJC_ARC = YES;
				CLANG_WARN_BOOL_CONVERSION = YES;
				CLANG_WARN_CONSTANT_CONVERSION = YES;
				CLANG_WARN_DIRECT_OBJC_ISA_USAGE = YES_ERROR;
				CLANG_WARN_EMPTY_BODY = YES;
				CLANG_WARN_ENUM_CONVERSION = YES;
				CLANG_WARN_INT_CONVERSION = YES;
				CLANG_WARN_OBJC_ROOT_CLASS = YES_ERROR;
				CLANG_WARN_UNREACHABLE_CODE = YES;
				CLANG_WARN__DUPLICATE_METHOD_MATCH = YES;
				"CODE_SIGN_IDENTITY[sdk=iphoneos*]" = "iPhone Developer";
				COPY_PHASE_STRIP = NO;
				DEBUG_INFORMATION_FORMAT = dwarf;
				ENABLE_STRICT_OBJC_MSGSEND = YES;
				ENABLE_TESTABILITY = YES;
				GCC_C_LANGUAGE_STANDARD = gnu99;
				GCC_DYNAMIC_NO_PIC = NO;
				GCC_NO_COMMON_BLOCKS = YES;
				GCC_OPTIMIZATION_LEVEL = 0;
				GCC_PREPROCESSOR_DEFINITIONS = (
					"DEBUG=1",
					"$(inherited)",
				);
				GCC_WARN_64_TO_32_BIT_CONVERSION = YES;
				GCC_WARN_ABOUT_RETURN_TYPE = YES_ERROR;
				GCC_WARN_UNDECLARED_SELECTOR = YES;
				GCC_WARN_UNINITIALIZED_AUTOS = YES_AGGRESSIVE;
				GCC_WARN_UNUSED_FUNCTION = YES;
				GCC_WARN_UNUSED_VARIABLE = YES;
				IPHONEOS_DEPLOYMENT_TARGET = 9.3;
				MTL_ENABLE_DEBUG_INFO = YES;
				ONLY_ACTIVE_ARCH = YES;
				SDKROOT = iphoneos;
				SWIFT_OPTIMIZATION_LEVEL = "-Onone";
			};
			name = Debug;
		};
		68D3314A1CDC591E00B0910D /* Release */ = {
			isa = XCBuildConfiguration;
			buildSettings = {
				ALWAYS_SEARCH_USER_PATHS = NO;
				CLANG_ANALYZER_NONNULL = YES;
				CLANG_CXX_LANGUAGE_STANDARD = "gnu++0x";
				CLANG_CXX_LIBRARY = "libc++";
				CLANG_ENABLE_MODULES = YES;
				CLANG_ENABLE_OBJC_ARC = YES;
				CLANG_WARN_BOOL_CONVERSION = YES;
				CLANG_WARN_CONSTANT_CONVERSION = YES;
				CLANG_WARN_DIRECT_OBJC_ISA_USAGE = YES_ERROR;
				CLANG_WARN_EMPTY_BODY = YES;
				CLANG_WARN_ENUM_CONVERSION = YES;
				CLANG_WARN_INT_CONVERSION = YES;
				CLANG_WARN_OBJC_ROOT_CLASS = YES_ERROR;
				CLANG_WARN_UNREACHABLE_CODE = YES;
				CLANG_WARN__DUPLICATE_METHOD_MATCH = YES;
				"CODE_SIGN_IDENTITY[sdk=iphoneos*]" = "iPhone Developer";
				COPY_PHASE_STRIP = NO;
				DEBUG_INFORMATION_FORMAT = "dwarf-with-dsym";
				ENABLE_NS_ASSERTIONS = NO;
				ENABLE_STRICT_OBJC_MSGSEND = YES;
				GCC_C_LANGUAGE_STANDARD = gnu99;
				GCC_NO_COMMON_BLOCKS = YES;
				GCC_WARN_64_TO_32_BIT_CONVERSION = YES;
				GCC_WARN_ABOUT_RETURN_TYPE = YES_ERROR;
				GCC_WARN_UNDECLARED_SELECTOR = YES;
				GCC_WARN_UNINITIALIZED_AUTOS = YES_AGGRESSIVE;
				GCC_WARN_UNUSED_FUNCTION = YES;
				GCC_WARN_UNUSED_VARIABLE = YES;
				IPHONEOS_DEPLOYMENT_TARGET = 9.3;
				MTL_ENABLE_DEBUG_INFO = NO;
				SDKROOT = iphoneos;
				VALIDATE_PRODUCT = YES;
			};
			name = Release;
		};
		68D3314C1CDC591E00B0910D /* Debug */ = {
			isa = XCBuildConfiguration;
			buildSettings = {
				ASSETCATALOG_COMPILER_APPICON_NAME = AppIcon;
				INFOPLIST_FILE = GetFruitProject/Info.plist;
				LD_RUNPATH_SEARCH_PATHS = "$(inherited) @executable_path/Frameworks";
				PRODUCT_BUNDLE_IDENTIFIER = com.BlueCrane.GetFruitProject;
				PRODUCT_NAME = "$(TARGET_NAME)";
			};
			name = Debug;
		};
		68D3314D1CDC591E00B0910D /* Release */ = {
			isa = XCBuildConfiguration;
			buildSettings = {
				ASSETCATALOG_COMPILER_APPICON_NAME = AppIcon;
				INFOPLIST_FILE = GetFruitProject/Info.plist;
				LD_RUNPATH_SEARCH_PATHS = "$(inherited) @executable_path/Frameworks";
				PRODUCT_BUNDLE_IDENTIFIER = com.BlueCrane.GetFruitProject;
				PRODUCT_NAME = "$(TARGET_NAME)";
			};
			name = Release;
		};
		68D3314F1CDC591E00B0910D /* Debug */ = {
			isa = XCBuildConfiguration;
			buildSettings = {
				BUNDLE_LOADER = "$(TEST_HOST)";
				INFOPLIST_FILE = GetFruitProjectTests/Info.plist;
				LD_RUNPATH_SEARCH_PATHS = "$(inherited) @executable_path/Frameworks @loader_path/Frameworks";
				PRODUCT_BUNDLE_IDENTIFIER = com.BlueCrane.GetFruitProjectTests;
				PRODUCT_NAME = "$(TARGET_NAME)";
				TEST_HOST = "$(BUILT_PRODUCTS_DIR)/GetFruitProject.app/GetFruitProject";
			};
			name = Debug;
		};
		68D331501CDC591E00B0910D /* Release */ = {
			isa = XCBuildConfiguration;
			buildSettings = {
				BUNDLE_LOADER = "$(TEST_HOST)";
				INFOPLIST_FILE = GetFruitProjectTests/Info.plist;
				LD_RUNPATH_SEARCH_PATHS = "$(inherited) @executable_path/Frameworks @loader_path/Frameworks";
				PRODUCT_BUNDLE_IDENTIFIER = com.BlueCrane.GetFruitProjectTests;
				PRODUCT_NAME = "$(TARGET_NAME)";
				TEST_HOST = "$(BUILT_PRODUCTS_DIR)/GetFruitProject.app/GetFruitProject";
			};
			name = Release;
		};
		68D331521CDC591E00B0910D /* Debug */ = {
			isa = XCBuildConfiguration;
			buildSettings = {
				INFOPLIST_FILE = GetFruitProjectUITests/Info.plist;
				LD_RUNPATH_SEARCH_PATHS = "$(inherited) @executable_path/Frameworks @loader_path/Frameworks";
				PRODUCT_BUNDLE_IDENTIFIER = com.BlueCrane.GetFruitProjectUITests;
				PRODUCT_NAME = "$(TARGET_NAME)";
				TEST_TARGET_NAME = GetFruitProject;
			};
			name = Debug;
		};
		68D331531CDC591E00B0910D /* Release */ = {
			isa = XCBuildConfiguration;
			buildSettings = {
				INFOPLIST_FILE = GetFruitProjectUITests/Info.plist;
				LD_RUNPATH_SEARCH_PATHS = "$(inherited) @executable_path/Frameworks @loader_path/Frameworks";
				PRODUCT_BUNDLE_IDENTIFIER = com.BlueCrane.GetFruitProjectUITests;
				PRODUCT_NAME = "$(TARGET_NAME)";
				TEST_TARGET_NAME = GetFruitProject;
			};
			name = Release;
		};
/* End XCBuildConfiguration section */

/* Begin XCConfigurationList section */
		68D3311E1CDC591D00B0910D /* Build configuration list for PBXProject "GetFruitProject" */ = {
			isa = XCConfigurationList;
			buildConfigurations = (
				68D331491CDC591E00B0910D /* Debug */,
				68D3314A1CDC591E00B0910D /* Release */,
			);
			defaultConfigurationIsVisible = 0;
			defaultConfigurationName = Release;
		};
		68D3314B1CDC591E00B0910D /* Build configuration list for PBXNativeTarget "GetFruitProject" */ = {
			isa = XCConfigurationList;
			buildConfigurations = (
				68D3314C1CDC591E00B0910D /* Debug */,
				68D3314D1CDC591E00B0910D /* Release */,
			);
			defaultConfigurationIsVisible = 0;
		};
		68D3314E1CDC591E00B0910D /* Build configuration list for PBXNativeTarget "GetFruitProjectTests" */ = {
			isa = XCConfigurationList;
			buildConfigurations = (
				68D3314F1CDC591E00B0910D /* Debug */,
				68D331501CDC591E00B0910D /* Release */,
			);
			defaultConfigurationIsVisible = 0;
		};
		68D331511CDC591E00B0910D /* Build configuration list for PBXNativeTarget "GetFruitProjectUITests" */ = {
			isa = XCConfigurationList;
			buildConfigurations = (
				68D331521CDC591E00B0910D /* Debug */,
				68D331531CDC591E00B0910D /* Release */,
			);
			defaultConfigurationIsVisible = 0;
		};
/* End XCConfigurationList section */
	};
	rootObject = 68D3311B1CDC591D00B0910D /* Project object */;
}
